
Microsoft Visual Studio Solution File, Format Version 12.00
# Visual Studio 15
VisualStudioVersion = 15.0.27130.2020
MinimumVisualStudioVersion = 10.0.40219.1
Project("{FAE04EC0-301F-11D3-BF4B-00C04F79EFBC}") = "Lesson4.1", "Lesson4.1\Lesson4.1.csproj", "{01E5DAD9-C2C5-41EF-A2E5-2CB076C01ED0}"
EndProject
Global
	GlobalSection(SolutionConfigurationPlatforms) = preSolution
		Debug|Any CPU = Debug|Any CPU
		Release|Any CPU = Release|Any CPU
	EndGlobalSection
	GlobalSection(ProjectConfigurationPlatforms) = postSolution
		{01E5DAD9-C2C5-41EF-A2E5-2CB076C01ED0}.Debug|Any CPU.ActiveCfg = Debug|Any CPU
		{01E5DAD9-C2C5-41EF-A2E5-2CB076C01ED0}.Debug|Any CPU.Build.0 = Debug|Any CPU
		{01E5DAD9-C2C5-41EF-A2E5-2CB076C01ED0}.Release|Any CPU.ActiveCfg = Release|Any CPU
		{01E5DAD9-C2C5-41EF-A2E5-2CB076C01ED0}.Release|Any CPU.Build.0 = Release|Any CPU
	EndGlobalSection
	GlobalSection(SolutionProperties) = preSolution
		HideSolutionNode = FALSE
	EndGlobalSection
	GlobalSection(ExtensibilityGlobals) = postSolution
		SolutionGuid = {10C5CE52-47AD-4A97-8BBE-113A5D598367}
	EndGlobalSection
EndGlobal
